
Microsoft Visual Studio Solution File, Format Version 12.00
# Visual Studio Version 16
VisualStudioVersion = 16.0.29001.49
MinimumVisualStudioVersion = 10.0.40219.1
Project("{FAE04EC0-301F-11D3-BF4B-00C04F79EFBC}") = "IndividualProject", "IndividualProject.csproj", "{C17CEC60-68A2-462B-B530-2FE6C93AB686}"
EndProject
Global
	GlobalSection(SolutionConfigurationPlatforms) = preSolution
		Debug|Any CPU = Debug|Any CPU
		Release|Any CPU = Release|Any CPU
	EndGlobalSection
	GlobalSection(ProjectConfigurationPlatforms) = postSolution
		{C17CEC60-68A2-462B-B530-2FE6C93AB686}.Debug|Any CPU.ActiveCfg = Debug|Any CPU
		{C17CEC60-68A2-462B-B530-2FE6C93AB686}.Debug|Any CPU.Build.0 = Debug|Any CPU
		{C17CEC60-68A2-462B-B530-2FE6C93AB686}.Release|Any CPU.ActiveCfg = Release|Any CPU
		{C17CEC60-68A2-462B-B530-2FE6C93AB686}.Release|Any CPU.Build.0 = Release|Any CPU
	EndGlobalSection
	GlobalSection(SolutionProperties) = preSolution
		HideSolutionNode = FALSE
	EndGlobalSection
	GlobalSection(ExtensibilityGlobals) = postSolution
		SolutionGuid = {ECFBA082-9EF4-48ED-A833-3CBBAF3CD038}
	EndGlobalSection
EndGlobal
